{
  "name": "stupid",
  "version": "1.0.0",
  "lockfileVersion": 3,
  "requires": true,
  "packages": {
    "": {
      "name": "stupid",
      "version": "1.0.0",
      "license": "ISC",
      "dependencies": {
        "is-stupid": "^1.0.0"
      }
    },
    "node_modules/is-stupid": {
      "version": "1.0.0",
      "resolved": "https://registry.npmjs.org/is-stupid/-/is-stupid-1.0.0.tgz",
      "integrity": "sha512-kvX7KRzDrKrcsy8gZgnHp9nNJy0w2yDSmh3eBqIBhgy5mUeIie9dragPRwy1QCIICoFV38EFHF44HX/12euqOQ==",
      "license": "WTFPL"
    }
  }
}
